
Microsoft Visual Studio Solution File, Format Version 12.00
# Visual Studio Version 17
VisualStudioVersion = 17.9.34728.123
MinimumVisualStudioVersion = 10.0.40219.1
Project("{FAE04EC0-301F-11D3-BF4B-00C04F79EFBC}") = "Common.Roslyn", "Common.Roslyn\Common.Roslyn.csproj", "{D1AC3728-2EE4-486F-9A7A-B390F255F46C}"
EndProject
Project("{FAE04EC0-301F-11D3-BF4B-00C04F79EFBC}") = "Common.Roslyn.TestConsole", "Common.Roslyn.TestConsole\Common.Roslyn.TestConsole.csproj", "{209780C3-8F14-44A0-8DA3-A2B882E9F720}"
EndProject
Global
	GlobalSection(SolutionConfigurationPlatforms) = preSolution
		Debug|Any CPU = Debug|Any CPU
		Release|Any CPU = Release|Any CPU
	EndGlobalSection
	GlobalSection(ProjectConfigurationPlatforms) = postSolution
		{D1AC3728-2EE4-486F-9A7A-B390F255F46C}.Debug|Any CPU.ActiveCfg = Debug|Any CPU
		{D1AC3728-2EE4-486F-9A7A-B390F255F46C}.Debug|Any CPU.Build.0 = Debug|Any CPU
		{D1AC3728-2EE4-486F-9A7A-B390F255F46C}.Release|Any CPU.ActiveCfg = Release|Any CPU
		{D1AC3728-2EE4-486F-9A7A-B390F255F46C}.Release|Any CPU.Build.0 = Release|Any CPU
		{209780C3-8F14-44A0-8DA3-A2B882E9F720}.Debug|Any CPU.ActiveCfg = Debug|Any CPU
		{209780C3-8F14-44A0-8DA3-A2B882E9F720}.Debug|Any CPU.Build.0 = Debug|Any CPU
		{209780C3-8F14-44A0-8DA3-A2B882E9F720}.Release|Any CPU.ActiveCfg = Release|Any CPU
		{209780C3-8F14-44A0-8DA3-A2B882E9F720}.Release|Any CPU.Build.0 = Release|Any CPU
	EndGlobalSection
	GlobalSection(SolutionProperties) = preSolution
		HideSolutionNode = FALSE
	EndGlobalSection
	GlobalSection(ExtensibilityGlobals) = postSolution
		SolutionGuid = {16190F07-0325-4E8B-BBA4-1F7F0FC6B5FA}
	EndGlobalSection
EndGlobal
